
Microsoft Visual Studio Solution File, Format Version 12.00
# Visual Studio Version 17
VisualStudioVersion = 17.2.32616.157
MinimumVisualStudioVersion = 10.0.40219.1
Project("{888888A0-9F3D-457C-B088-3A5042F75D52}") = "blackjack", "blackjack\blackjack.pyproj", "{228BFE71-4A3A-454B-ACD3-5F5BD3689513}"
EndProject
Global
	GlobalSection(SolutionConfigurationPlatforms) = preSolution
		Debug|Any CPU = Debug|Any CPU
		Release|Any CPU = Release|Any CPU
	EndGlobalSection
	GlobalSection(ProjectConfigurationPlatforms) = postSolution
		{228BFE71-4A3A-454B-ACD3-5F5BD3689513}.Debug|Any CPU.ActiveCfg = Debug|Any CPU
		{228BFE71-4A3A-454B-ACD3-5F5BD3689513}.Release|Any CPU.ActiveCfg = Release|Any CPU
	EndGlobalSection
	GlobalSection(SolutionProperties) = preSolution
		HideSolutionNode = FALSE
	EndGlobalSection
	GlobalSection(ExtensibilityGlobals) = postSolution
		SolutionGuid = {C79D49FC-C1BE-4D43-B453-14AA468A0867}
	EndGlobalSection
EndGlobal
